
Microsoft Visual Studio Solution File, Format Version 12.00
# Visual Studio Version 17
VisualStudioVersion = 17.1.32421.90
MinimumVisualStudioVersion = 10.0.40219.1
Project("{FAE04EC0-301F-11D3-BF4B-00C04F79EFBC}") = "RecipeStore", "RecipeStore.csproj", "{207C19ED-BEDC-4676-A83D-80ECCFFF7AEA}"
EndProject
Global
	GlobalSection(SolutionConfigurationPlatforms) = preSolution
		Debug|Any CPU = Debug|Any CPU
		Release|Any CPU = Release|Any CPU
	EndGlobalSection
	GlobalSection(ProjectConfigurationPlatforms) = postSolution
		{207C19ED-BEDC-4676-A83D-80ECCFFF7AEA}.Debug|Any CPU.ActiveCfg = Debug|Any CPU
		{207C19ED-BEDC-4676-A83D-80ECCFFF7AEA}.Debug|Any CPU.Build.0 = Debug|Any CPU
		{207C19ED-BEDC-4676-A83D-80ECCFFF7AEA}.Release|Any CPU.ActiveCfg = Release|Any CPU
		{207C19ED-BEDC-4676-A83D-80ECCFFF7AEA}.Release|Any CPU.Build.0 = Release|Any CPU
	EndGlobalSection
	GlobalSection(SolutionProperties) = preSolution
		HideSolutionNode = FALSE
	EndGlobalSection
	GlobalSection(ExtensibilityGlobals) = postSolution
		SolutionGuid = {9C2ED04B-DD8A-4A46-B104-D77682693963}
	EndGlobalSection
EndGlobal
